// !$*UTF8*$!
{
	archiveVersion = 1;
	classes = {
	};
	objectVersion = 56;
	objects = {

/* Begin PBXBuildFile section */
		B970CFC52AA5C4DE00535587 /* AppDelegate.swift in Sources */ = {isa = PBXBuildFile; fileRef = B970CFC42AA5C4DE00535587 /* AppDelegate.swift */; };
		B970CFC72AA5C4DE00535587 /* SceneDelegate.swift in Sources */ = {isa = PBXBuildFile; fileRef = B970CFC62AA5C4DE00535587 /* SceneDelegate.swift */; };
		B970CFC92AA5C4DE00535587 /* ViewController.swift in Sources */ = {isa = PBXBuildFile; fileRef = B970CFC82AA5C4DE00535587 /* ViewController.swift */; };
		B970CFCC2AA5C4DE00535587 /* Main.storyboard in Resources */ = {isa = PBXBuildFile; fileRef = B970CFCA2AA5C4DE00535587 /* Main.storyboard */; };
		B970CFCE2AA5C4DF00535587 /* Assets.xcassets in Resources */ = {isa = PBXBuildFile; fileRef = B970CFCD2AA5C4DF00535587 /* Assets.xcassets */; };
		B970CFD12AA5C4DF00535587 /* LaunchScreen.storyboard in Resources */ = {isa = PBXBuildFile; fileRef = B970CFCF2AA5C4DF00535587 /* LaunchScreen.storyboard */; };
		B970CFDE2AA5C5DE00535587 /* BreedsListViewController.swift in Sources */ = {isa = PBXBuildFile; fileRef = B970CFDD2AA5C5DE00535587 /* BreedsListViewController.swift */; };
		B970CFE02AA5C61A00535587 /* BreedsListController+ViewModel.swift in Sources */ = {isa = PBXBuildFile; fileRef = B970CFDF2AA5C61A00535587 /* BreedsListController+ViewModel.swift */; };
		B970CFE32AA5C74E00535587 /* Moya in Frameworks */ = {isa = PBXBuildFile; productRef = B970CFE22AA5C74E00535587 /* Moya */; };
		B970CFE52AA5C77100535587 /* APIManager.swift in Sources */ = {isa = PBXBuildFile; fileRef = B970CFE42AA5C77100535587 /* APIManager.swift */; };
		B970CFE72AA5C9DC00535587 /* NetworkManager.swift in Sources */ = {isa = PBXBuildFile; fileRef = B970CFE62AA5C9DC00535587 /* NetworkManager.swift */; };
		B970CFEA2AA5CAAC00535587 /* BreedModel.swift in Sources */ = {isa = PBXBuildFile; fileRef = B970CFE92AA5CAAC00535587 /* BreedModel.swift */; };
		B970CFED2AA5D2A500535587 /* BreedCollectionViewCell.swift in Sources */ = {isa = PBXBuildFile; fileRef = B970CFEC2AA5D2A500535587 /* BreedCollectionViewCell.swift */; };
		B970CFEF2AA5D2B600535587 /* BreedCell+ViewModel.swift in Sources */ = {isa = PBXBuildFile; fileRef = B970CFEE2AA5D2B600535587 /* BreedCell+ViewModel.swift */; };
		B970CFF22AA5D30D00535587 /* SDWebImage in Frameworks */ = {isa = PBXBuildFile; productRef = B970CFF12AA5D30D00535587 /* SDWebImage */; };
/* End PBXBuildFile section */

/* Begin PBXFileReference section */
		B970CFC12AA5C4DE00535587 /* TestWork.app */ = {isa = PBXFileReference; explicitFileType = wrapper.application; includeInIndex = 0; path = TestWork.app; sourceTree = BUILT_PRODUCTS_DIR; };
		B970CFC42AA5C4DE00535587 /* AppDelegate.swift */ = {isa = PBXFileReference; lastKnownFileType = sourcecode.swift; path = AppDelegate.swift; sourceTree = "<group>"; };
		B970CFC62AA5C4DE00535587 /* SceneDelegate.swift */ = {isa = PBXFileReference; lastKnownFileType = sourcecode.swift; path = SceneDelegate.swift; sourceTree = "<group>"; };
		B970CFC82AA5C4DE00535587 /* ViewController.swift */ = {isa = PBXFileReference; lastKnownFileType = sourcecode.swift; path = ViewController.swift; sourceTree = "<group>"; };
		B970CFCB2AA5C4DE00535587 /* Base */ = {isa = PBXFileReference; lastKnownFileType = file.storyboard; name = Base; path = Base.lproj/Main.storyboard; sourceTree = "<group>"; };
		B970CFCD2AA5C4DF00535587 /* Assets.xcassets */ = {isa = PBXFileReference; lastKnownFileType = folder.assetcatalog; path = Assets.xcassets; sourceTree = "<group>"; };
		B970CFD02AA5C4DF00535587 /* Base */ = {isa = PBXFileReference; lastKnownFileType = file.storyboard; name = Base; path = Base.lproj/LaunchScreen.storyboard; sourceTree = "<group>"; };
		B970CFD22AA5C4DF00535587 /* Info.plist */ = {isa = PBXFileReference; lastKnownFileType = text.plist.xml; path = Info.plist; sourceTree = "<group>"; };
		B970CFDD2AA5C5DE00535587 /* BreedsListViewController.swift */ = {isa = PBXFileReference; lastKnownFileType = sourcecode.swift; path = BreedsListViewController.swift; sourceTree = "<group>"; };
		B970CFDF2AA5C61A00535587 /* BreedsListController+ViewModel.swift */ = {isa = PBXFileReference; lastKnownFileType = sourcecode.swift; path = "BreedsListController+ViewModel.swift"; sourceTree = "<group>"; };
		B970CFE42AA5C77100535587 /* APIManager.swift */ = {isa = PBXFileReference; lastKnownFileType = sourcecode.swift; path = APIManager.swift; sourceTree = "<group>"; };
		B970CFE62AA5C9DC00535587 /* NetworkManager.swift */ = {isa = PBXFileReference; lastKnownFileType = sourcecode.swift; path = NetworkManager.swift; sourceTree = "<group>"; };
		B970CFE92AA5CAAC00535587 /* BreedModel.swift */ = {isa = PBXFileReference; lastKnownFileType = sourcecode.swift; path = BreedModel.swift; sourceTree = "<group>"; };
		B970CFEC2AA5D2A500535587 /* BreedCollectionViewCell.swift */ = {isa = PBXFileReference; lastKnownFileType = sourcecode.swift; path = BreedCollectionViewCell.swift; sourceTree = "<group>"; };
		B970CFEE2AA5D2B600535587 /* BreedCell+ViewModel.swift */ = {isa = PBXFileReference; lastKnownFileType = sourcecode.swift; path = "BreedCell+ViewModel.swift"; sourceTree = "<group>"; };
/* End PBXFileReference section */

/* Begin PBXFrameworksBuildPhase section */
		B970CFBE2AA5C4DE00535587 /* Frameworks */ = {
			isa = PBXFrameworksBuildPhase;
			buildActionMask = 2147483647;
			files = (
				B970CFF22AA5D30D00535587 /* SDWebImage in Frameworks */,
				B970CFE32AA5C74E00535587 /* Moya in Frameworks */,
			);
			runOnlyForDeploymentPostprocessing = 0;
		};
/* End PBXFrameworksBuildPhase section */

/* Begin PBXGroup section */
		B970CFB82AA5C4DE00535587 = {
			isa = PBXGroup;
			children = (
				B970CFC32AA5C4DE00535587 /* TestWork */,
				B970CFC22AA5C4DE00535587 /* Products */,
			);
			sourceTree = "<group>";
		};
		B970CFC22AA5C4DE00535587 /* Products */ = {
			isa = PBXGroup;
			children = (
				B970CFC12AA5C4DE00535587 /* TestWork.app */,
			);
			name = Products;
			sourceTree = "<group>";
		};
		B970CFC32AA5C4DE00535587 /* TestWork */ = {
			isa = PBXGroup;
			children = (
				B970CFE82AA5CAA500535587 /* Model */,
				B970CFDA2AA5C57A00535587 /* Extensions */,
				B970CFD92AA5C57200535587 /* Feature */,
				B970CFD82AA5C56B00535587 /* NetworkManager */,
				B970CFC42AA5C4DE00535587 /* AppDelegate.swift */,
				B970CFC62AA5C4DE00535587 /* SceneDelegate.swift */,
				B970CFC82AA5C4DE00535587 /* ViewController.swift */,
				B970CFCA2AA5C4DE00535587 /* Main.storyboard */,
				B970CFCD2AA5C4DF00535587 /* Assets.xcassets */,
				B970CFCF2AA5C4DF00535587 /* LaunchScreen.storyboard */,
				B970CFD22AA5C4DF00535587 /* Info.plist */,
			);
			path = TestWork;
			sourceTree = "<group>";
		};
		B970CFD82AA5C56B00535587 /* NetworkManager */ = {
			isa = PBXGroup;
			children = (
				B970CFE42AA5C77100535587 /* APIManager.swift */,
				B970CFE62AA5C9DC00535587 /* NetworkManager.swift */,
			);
			path = NetworkManager;
			sourceTree = "<group>";
		};
		B970CFD92AA5C57200535587 /* Feature */ = {
			isa = PBXGroup;
			children = (
				B970CFDC2AA5C5C100535587 /* AboutBreedController */,
				B970CFDB2AA5C5B200535587 /* BreedsListController */,
			);
			path = Feature;
			sourceTree = "<group>";
		};
		B970CFDA2AA5C57A00535587 /* Extensions */ = {
			isa = PBXGroup;
			children = (
			);
			path = Extensions;
			sourceTree = "<group>";
		};
		B970CFDB2AA5C5B200535587 /* BreedsListController */ = {
			isa = PBXGroup;
			children = (
				B970CFEB2AA5D28D00535587 /* BreedCell */,
				B970CFDD2AA5C5DE00535587 /* BreedsListViewController.swift */,
				B970CFDF2AA5C61A00535587 /* BreedsListController+ViewModel.swift */,
			);
			path = BreedsListController;
			sourceTree = "<group>";
		};
		B970CFDC2AA5C5C100535587 /* AboutBreedController */ = {
			isa = PBXGroup;
			children = (
			);
			path = AboutBreedController;
			sourceTree = "<group>";
		};
		B970CFE82AA5CAA500535587 /* Model */ = {
			isa = PBXGroup;
			children = (
				B970CFE92AA5CAAC00535587 /* BreedModel.swift */,
			);
			path = Model;
			sourceTree = "<group>";
		};
		B970CFEB2AA5D28D00535587 /* BreedCell */ = {
			isa = PBXGroup;
			children = (
				B970CFEC2AA5D2A500535587 /* BreedCollectionViewCell.swift */,
				B970CFEE2AA5D2B600535587 /* BreedCell+ViewModel.swift */,
			);
			path = BreedCell;
			sourceTree = "<group>";
		};
/* End PBXGroup section */

/* Begin PBXNativeTarget section */
		B970CFC02AA5C4DE00535587 /* TestWork */ = {
			isa = PBXNativeTarget;
			buildConfigurationList = B970CFD52AA5C4DF00535587 /* Build configuration list for PBXNativeTarget "TestWork" */;
			buildPhases = (
				B970CFBD2AA5C4DE00535587 /* Sources */,
				B970CFBE2AA5C4DE00535587 /* Frameworks */,
				B970CFBF2AA5C4DE00535587 /* Resources */,
			);
			buildRules = (
			);
			dependencies = (
			);
			name = TestWork;
			packageProductDependencies = (
				B970CFE22AA5C74E00535587 /* Moya */,
				B970CFF12AA5D30D00535587 /* SDWebImage */,
			);
			productName = TestWork;
			productReference = B970CFC12AA5C4DE00535587 /* TestWork.app */;
			productType = "com.apple.product-type.application";
		};
/* End PBXNativeTarget section */

/* Begin PBXProject section */
		B970CFB92AA5C4DE00535587 /* Project object */ = {
			isa = PBXProject;
			attributes = {
				BuildIndependentTargetsInParallel = 1;
				LastSwiftUpdateCheck = 1430;
				LastUpgradeCheck = 1430;
				TargetAttributes = {
					B970CFC02AA5C4DE00535587 = {
						CreatedOnToolsVersion = 14.3;
					};
				};
			};
			buildConfigurationList = B970CFBC2AA5C4DE00535587 /* Build configuration list for PBXProject "TestWork" */;
			compatibilityVersion = "Xcode 14.0";
			developmentRegion = en;
			hasScannedForEncodings = 0;
			knownRegions = (
				en,
				Base,
			);
			mainGroup = B970CFB82AA5C4DE00535587;
			packageReferences = (
				B970CFE12AA5C74E00535587 /* XCRemoteSwiftPackageReference "Moya" */,
				B970CFF02AA5D30D00535587 /* XCRemoteSwiftPackageReference "SDWebImage" */,
			);
			productRefGroup = B970CFC22AA5C4DE00535587 /* Products */;
			projectDirPath = "";
			projectRoot = "";
			targets = (
				B970CFC02AA5C4DE00535587 /* TestWork */,
			);
		};
/* End PBXProject section */

/* Begin PBXResourcesBuildPhase section */
		B970CFBF2AA5C4DE00535587 /* Resources */ = {
			isa = PBXResourcesBuildPhase;
			buildActionMask = 2147483647;
			files = (
				B970CFD12AA5C4DF00535587 /* LaunchScreen.storyboard in Resources */,
				B970CFCE2AA5C4DF00535587 /* Assets.xcassets in Resources */,
				B970CFCC2AA5C4DE00535587 /* Main.storyboard in Resources */,
			);
			runOnlyForDeploymentPostprocessing = 0;
		};
/* End PBXResourcesBuildPhase section */

/* Begin PBXSourcesBuildPhase section */
		B970CFBD2AA5C4DE00535587 /* Sources */ = {
			isa = PBXSourcesBuildPhase;
			buildActionMask = 2147483647;
			files = (
				B970CFE52AA5C77100535587 /* APIManager.swift in Sources */,
				B970CFE02AA5C61A00535587 /* BreedsListController+ViewModel.swift in Sources */,
				B970CFDE2AA5C5DE00535587 /* BreedsListViewController.swift in Sources */,
				B970CFE72AA5C9DC00535587 /* NetworkManager.swift in Sources */,
				B970CFC92AA5C4DE00535587 /* ViewController.swift in Sources */,
				B970CFC52AA5C4DE00535587 /* AppDelegate.swift in Sources */,
				B970CFEA2AA5CAAC00535587 /* BreedModel.swift in Sources */,
				B970CFEF2AA5D2B600535587 /* BreedCell+ViewModel.swift in Sources */,
				B970CFED2AA5D2A500535587 /* BreedCollectionViewCell.swift in Sources */,
				B970CFC72AA5C4DE00535587 /* SceneDelegate.swift in Sources */,
			);
			runOnlyForDeploymentPostprocessing = 0;
		};
/* End PBXSourcesBuildPhase section */

/* Begin PBXVariantGroup section */
		B970CFCA2AA5C4DE00535587 /* Main.storyboard */ = {
			isa = PBXVariantGroup;
			children = (
				B970CFCB2AA5C4DE00535587 /* Base */,
			);
			name = Main.storyboard;
			sourceTree = "<group>";
		};
		B970CFCF2AA5C4DF00535587 /* LaunchScreen.storyboard */ = {
			isa = PBXVariantGroup;
			children = (
				B970CFD02AA5C4DF00535587 /* Base */,
			);
			name = LaunchScreen.storyboard;
			sourceTree = "<group>";
		};
/* End PBXVariantGroup section */

/* Begin XCBuildConfiguration section */
		B970CFD32AA5C4DF00535587 /* Debug */ = {
			isa = XCBuildConfiguration;
			buildSettings = {
				ALWAYS_SEARCH_USER_PATHS = NO;
				CLANG_ANALYZER_NONNULL = YES;
				CLANG_ANALYZER_NUMBER_OBJECT_CONVERSION = YES_AGGRESSIVE;
				CLANG_CXX_LANGUAGE_STANDARD = "gnu++20";
				CLANG_ENABLE_MODULES = YES;
				CLANG_ENABLE_OBJC_ARC = YES;
				CLANG_ENABLE_OBJC_WEAK = YES;
				CLANG_WARN_BLOCK_CAPTURE_AUTORELEASING = YES;
				CLANG_WARN_BOOL_CONVERSION = YES;
				CLANG_WARN_COMMA = YES;
				CLANG_WARN_CONSTANT_CONVERSION = YES;
				CLANG_WARN_DEPRECATED_OBJC_IMPLEMENTATIONS = YES;
				CLANG_WARN_DIRECT_OBJC_ISA_USAGE = YES_ERROR;
				CLANG_WARN_DOCUMENTATION_COMMENTS = YES;
				CLANG_WARN_EMPTY_BODY = YES;
				CLANG_WARN_ENUM_CONVERSION = YES;
				CLANG_WARN_INFINITE_RECURSION = YES;
				CLANG_WARN_INT_CONVERSION = YES;
				CLANG_WARN_NON_LITERAL_NULL_CONVERSION = YES;
				CLANG_WARN_OBJC_IMPLICIT_RETAIN_SELF = YES;
				CLANG_WARN_OBJC_LITERAL_CONVERSION = YES;
				CLANG_WARN_OBJC_ROOT_CLASS = YES_ERROR;
				CLANG_WARN_QUOTED_INCLUDE_IN_FRAMEWORK_HEADER = YES;
				CLANG_WARN_RANGE_LOOP_ANALYSIS = YES;
				CLANG_WARN_STRICT_PROTOTYPES = YES;
				CLANG_WARN_SUSPICIOUS_MOVE = YES;
				CLANG_WARN_UNGUARDED_AVAILABILITY = YES_AGGRESSIVE;
				CLANG_WARN_UNREACHABLE_CODE = YES;
				CLANG_WARN__DUPLICATE_METHOD_MATCH = YES;
				COPY_PHASE_STRIP = NO;
				DEBUG_INFORMATION_FORMAT = dwarf;
				ENABLE_STRICT_OBJC_MSGSEND = YES;
				ENABLE_TESTABILITY = YES;
				GCC_C_LANGUAGE_STANDARD = gnu11;
				GCC_DYNAMIC_NO_PIC = NO;
				GCC_NO_COMMON_BLOCKS = YES;
				GCC_OPTIMIZATION_LEVEL = 0;
				GCC_PREPROCESSOR_DEFINITIONS = (
					"DEBUG=1",
					"$(inherited)",
				);
				GCC_WARN_64_TO_32_BIT_CONVERSION = YES;
				GCC_WARN_ABOUT_RETURN_TYPE = YES_ERROR;
				GCC_WARN_UNDECLARED_SELECTOR = YES;
				GCC_WARN_UNINITIALIZED_AUTOS = YES_AGGRESSIVE;
				GCC_WARN_UNUSED_FUNCTION = YES;
				GCC_WARN_UNUSED_VARIABLE = YES;
				IPHONEOS_DEPLOYMENT_TARGET = 16.4;
				MTL_ENABLE_DEBUG_INFO = INCLUDE_SOURCE;
				MTL_FAST_MATH = YES;
				ONLY_ACTIVE_ARCH = YES;
				SDKROOT = iphoneos;
				SWIFT_ACTIVE_COMPILATION_CONDITIONS = DEBUG;
				SWIFT_OPTIMIZATION_LEVEL = "-Onone";
			};
			name = Debug;
		};
		B970CFD42AA5C4DF00535587 /* Release */ = {
			isa = XCBuildConfiguration;
			buildSettings = {
				ALWAYS_SEARCH_USER_PATHS = NO;
				CLANG_ANALYZER_NONNULL = YES;
				CLANG_ANALYZER_NUMBER_OBJECT_CONVERSION = YES_AGGRESSIVE;
				CLANG_CXX_LANGUAGE_STANDARD = "gnu++20";
				CLANG_ENABLE_MODULES = YES;
				CLANG_ENABLE_OBJC_ARC = YES;
				CLANG_ENABLE_OBJC_WEAK = YES;
				CLANG_WARN_BLOCK_CAPTURE_AUTORELEASING = YES;
				CLANG_WARN_BOOL_CONVERSION = YES;
				CLANG_WARN_COMMA = YES;
				CLANG_WARN_CONSTANT_CONVERSION = YES;
				CLANG_WARN_DEPRECATED_OBJC_IMPLEMENTATIONS = YES;
				CLANG_WARN_DIRECT_OBJC_ISA_USAGE = YES_ERROR;
				CLANG_WARN_DOCUMENTATION_COMMENTS = YES;
				CLANG_WARN_EMPTY_BODY = YES;
				CLANG_WARN_ENUM_CONVERSION = YES;
				CLANG_WARN_INFINITE_RECURSION = YES;
				CLANG_WARN_INT_CONVERSION = YES;
				CLANG_WARN_NON_LITERAL_NULL_CONVERSION = YES;
				CLANG_WARN_OBJC_IMPLICIT_RETAIN_SELF = YES;
				CLANG_WARN_OBJC_LITERAL_CONVERSION = YES;
				CLANG_WARN_OBJC_ROOT_CLASS = YES_ERROR;
				CLANG_WARN_QUOTED_INCLUDE_IN_FRAMEWORK_HEADER = YES;
				CLANG_WARN_RANGE_LOOP_ANALYSIS = YES;
				CLANG_WARN_STRICT_PROTOTYPES = YES;
				CLANG_WARN_SUSPICIOUS_MOVE = YES;
				CLANG_WARN_UNGUARDED_AVAILABILITY = YES_AGGRESSIVE;
				CLANG_WARN_UNREACHABLE_CODE = YES;
				CLANG_WARN__DUPLICATE_METHOD_MATCH = YES;
				COPY_PHASE_STRIP = NO;
				DEBUG_INFORMATION_FORMAT = "dwarf-with-dsym";
				ENABLE_NS_ASSERTIONS = NO;
				ENABLE_STRICT_OBJC_MSGSEND = YES;
				GCC_C_LANGUAGE_STANDARD = gnu11;
				GCC_NO_COMMON_BLOCKS = YES;
				GCC_WARN_64_TO_32_BIT_CONVERSION = YES;
				GCC_WARN_ABOUT_RETURN_TYPE = YES_ERROR;
				GCC_WARN_UNDECLARED_SELECTOR = YES;
				GCC_WARN_UNINITIALIZED_AUTOS = YES_AGGRESSIVE;
				GCC_WARN_UNUSED_FUNCTION = YES;
				GCC_WARN_UNUSED_VARIABLE = YES;
				IPHONEOS_DEPLOYMENT_TARGET = 16.4;
				MTL_ENABLE_DEBUG_INFO = NO;
				MTL_FAST_MATH = YES;
				SDKROOT = iphoneos;
				SWIFT_COMPILATION_MODE = wholemodule;
				SWIFT_OPTIMIZATION_LEVEL = "-O";
				VALIDATE_PRODUCT = YES;
			};
			name = Release;
		};
		B970CFD62AA5C4DF00535587 /* Debug */ = {
			isa = XCBuildConfiguration;
			buildSettings = {
				ASSETCATALOG_COMPILER_APPICON_NAME = AppIcon;
				ASSETCATALOG_COMPILER_GLOBAL_ACCENT_COLOR_NAME = AccentColor;
				CODE_SIGN_STYLE = Automatic;
				CURRENT_PROJECT_VERSION = 1;
				DEVELOPMENT_TEAM = G264CBHMU9;
				GENERATE_INFOPLIST_FILE = YES;
				INFOPLIST_FILE = TestWork/Info.plist;
				INFOPLIST_KEY_UIApplicationSupportsIndirectInputEvents = YES;
				INFOPLIST_KEY_UILaunchStoryboardName = LaunchScreen;
				INFOPLIST_KEY_UIMainStoryboardFile = Main;
				INFOPLIST_KEY_UISupportedInterfaceOrientations_iPad = "UIInterfaceOrientationPortrait UIInterfaceOrientationPortraitUpsideDown UIInterfaceOrientationLandscapeLeft UIInterfaceOrientationLandscapeRight";
				INFOPLIST_KEY_UISupportedInterfaceOrientations_iPhone = "UIInterfaceOrientationPortrait UIInterfaceOrientationLandscapeLeft UIInterfaceOrientationLandscapeRight";
				LD_RUNPATH_SEARCH_PATHS = (
					"$(inherited)",
					"@executable_path/Frameworks",
				);
				MARKETING_VERSION = 1.0;
				PRODUCT_BUNDLE_IDENTIFIER = Courses.TestWork;
				PRODUCT_NAME = "$(TARGET_NAME)";
				SWIFT_EMIT_LOC_STRINGS = YES;
				SWIFT_VERSION = 5.0;
				TARGETED_DEVICE_FAMILY = "1,2";
			};
			name = Debug;
		};
		B970CFD72AA5C4DF00535587 /* Release */ = {
			isa = XCBuildConfiguration;
			buildSettings = {
				ASSETCATALOG_COMPILER_APPICON_NAME = AppIcon;
				ASSETCATALOG_COMPILER_GLOBAL_ACCENT_COLOR_NAME = AccentColor;
				CODE_SIGN_STYLE = Automatic;
				CURRENT_PROJECT_VERSION = 1;
				DEVELOPMENT_TEAM = G264CBHMU9;
				GENERATE_INFOPLIST_FILE = YES;
				INFOPLIST_FILE = TestWork/Info.plist;
				INFOPLIST_KEY_UIApplicationSupportsIndirectInputEvents = YES;
				INFOPLIST_KEY_UILaunchStoryboardName = LaunchScreen;
				INFOPLIST_KEY_UIMainStoryboardFile = Main;
				INFOPLIST_KEY_UISupportedInterfaceOrientations_iPad = "UIInterfaceOrientationPortrait UIInterfaceOrientationPortraitUpsideDown UIInterfaceOrientationLandscapeLeft UIInterfaceOrientationLandscapeRight";
				INFOPLIST_KEY_UISupportedInterfaceOrientations_iPhone = "UIInterfaceOrientationPortrait UIInterfaceOrientationLandscapeLeft UIInterfaceOrientationLandscapeRight";
				LD_RUNPATH_SEARCH_PATHS = (
					"$(inherited)",
					"@executable_path/Frameworks",
				);
				MARKETING_VERSION = 1.0;
				PRODUCT_BUNDLE_IDENTIFIER = Courses.TestWork;
				PRODUCT_NAME = "$(TARGET_NAME)";
				SWIFT_EMIT_LOC_STRINGS = YES;
				SWIFT_VERSION = 5.0;
				TARGETED_DEVICE_FAMILY = "1,2";
			};
			name = Release;
		};
/* End XCBuildConfiguration section */

/* Begin XCConfigurationList section */
		B970CFBC2AA5C4DE00535587 /* Build configuration list for PBXProject "TestWork" */ = {
			isa = XCConfigurationList;
			buildConfigurations = (
				B970CFD32AA5C4DF00535587 /* Debug */,
				B970CFD42AA5C4DF00535587 /* Release */,
			);
			defaultConfigurationIsVisible = 0;
			defaultConfigurationName = Release;
		};
		B970CFD52AA5C4DF00535587 /* Build configuration list for PBXNativeTarget "TestWork" */ = {
			isa = XCConfigurationList;
			buildConfigurations = (
				B970CFD62AA5C4DF00535587 /* Debug */,
				B970CFD72AA5C4DF00535587 /* Release */,
			);
			defaultConfigurationIsVisible = 0;
			defaultConfigurationName = Release;
		};
/* End XCConfigurationList section */

/* Begin XCRemoteSwiftPackageReference section */
		B970CFE12AA5C74E00535587 /* XCRemoteSwiftPackageReference "Moya" */ = {
			isa = XCRemoteSwiftPackageReference;
			repositoryURL = "https://github.com/Moya/Moya.git";
			requirement = {
				kind = upToNextMajorVersion;
				minimumVersion = 15.0.0;
			};
		};
		B970CFF02AA5D30D00535587 /* XCRemoteSwiftPackageReference "SDWebImage" */ = {
			isa = XCRemoteSwiftPackageReference;
			repositoryURL = "https://github.com/SDWebImage/SDWebImage.git";
			requirement = {
				kind = upToNextMajorVersion;
				minimumVersion = 5.0.0;
			};
		};
/* End XCRemoteSwiftPackageReference section */

/* Begin XCSwiftPackageProductDependency section */
		B970CFE22AA5C74E00535587 /* Moya */ = {
			isa = XCSwiftPackageProductDependency;
			package = B970CFE12AA5C74E00535587 /* XCRemoteSwiftPackageReference "Moya" */;
			productName = Moya;
		};
		B970CFF12AA5D30D00535587 /* SDWebImage */ = {
			isa = XCSwiftPackageProductDependency;
			package = B970CFF02AA5D30D00535587 /* XCRemoteSwiftPackageReference "SDWebImage" */;
			productName = SDWebImage;
		};
/* End XCSwiftPackageProductDependency section */
	};
	rootObject = B970CFB92AA5C4DE00535587 /* Project object */;
}
